
Microsoft Visual Studio Solution File, Format Version 12.00
# Visual Studio Version 17
VisualStudioVersion = 17.4.33110.190
MinimumVisualStudioVersion = 10.0.40219.1
Project("{FAE04EC0-301F-11D3-BF4B-00C04F79EFBC}") = "Wpf_Bd_cars", "Wpf_Bd_cars\Wpf_Bd_cars.csproj", "{0263CB21-C645-4866-9A71-EF95406539F1}"
EndProject
Global
	GlobalSection(SolutionConfigurationPlatforms) = preSolution
		Debug|Any CPU = Debug|Any CPU
		Release|Any CPU = Release|Any CPU
	EndGlobalSection
	GlobalSection(ProjectConfigurationPlatforms) = postSolution
		{0263CB21-C645-4866-9A71-EF95406539F1}.Debug|Any CPU.ActiveCfg = Debug|Any CPU
		{0263CB21-C645-4866-9A71-EF95406539F1}.Debug|Any CPU.Build.0 = Debug|Any CPU
		{0263CB21-C645-4866-9A71-EF95406539F1}.Release|Any CPU.ActiveCfg = Release|Any CPU
		{0263CB21-C645-4866-9A71-EF95406539F1}.Release|Any CPU.Build.0 = Release|Any CPU
	EndGlobalSection
	GlobalSection(SolutionProperties) = preSolution
		HideSolutionNode = FALSE
	EndGlobalSection
	GlobalSection(ExtensibilityGlobals) = postSolution
		SolutionGuid = {0D23CA75-EC45-4AE4-923B-E00EF1562144}
	EndGlobalSection
EndGlobal
